
Microsoft Visual Studio Solution File, Format Version 12.00
# Visual Studio 15
VisualStudioVersion = 15.0.26730.3
MinimumVisualStudioVersion = 10.0.40219.1
Project("{FAE04EC0-301F-11D3-BF4B-00C04F79EFBC}") = "NimTheGame", "NimTheGame\NimTheGame.csproj", "{99DAFDC9-AE9F-4D37-ADB1-03C6AE0B5C60}"
EndProject
Global
	GlobalSection(SolutionConfigurationPlatforms) = preSolution
		Debug|Any CPU = Debug|Any CPU
		Release|Any CPU = Release|Any CPU
	EndGlobalSection
	GlobalSection(ProjectConfigurationPlatforms) = postSolution
		{99DAFDC9-AE9F-4D37-ADB1-03C6AE0B5C60}.Debug|Any CPU.ActiveCfg = Debug|Any CPU
		{99DAFDC9-AE9F-4D37-ADB1-03C6AE0B5C60}.Debug|Any CPU.Build.0 = Debug|Any CPU
		{99DAFDC9-AE9F-4D37-ADB1-03C6AE0B5C60}.Release|Any CPU.ActiveCfg = Release|Any CPU
		{99DAFDC9-AE9F-4D37-ADB1-03C6AE0B5C60}.Release|Any CPU.Build.0 = Release|Any CPU
	EndGlobalSection
	GlobalSection(SolutionProperties) = preSolution
		HideSolutionNode = FALSE
	EndGlobalSection
	GlobalSection(ExtensibilityGlobals) = postSolution
		SolutionGuid = {5F7B2020-5B88-4380-8870-DA3E61D9A5B3}
	EndGlobalSection
EndGlobal
